
Microsoft Visual Studio Solution File, Format Version 12.00
# Visual Studio 2012
Project("{FAE04EC0-301F-11D3-BF4B-00C04F79EFBC}") = "AccountManagement", "AccountManagement\AccountManagement.csproj", "{10DEAF61-1E3F-45FD-B930-1FB67CB40250}"
EndProject
Project("{FAE04EC0-301F-11D3-BF4B-00C04F79EFBC}") = "Core", "Core\Core.csproj", "{6B76ACE8-1778-4521-93A2-53899CF58AF6}"
EndProject
Project("{FAE04EC0-301F-11D3-BF4B-00C04F79EFBC}") = "Infrastructure", "Infrastructure\Infrastructure.csproj", "{74C45FDB-E279-4126-BD58-215FB0F81B46}"
EndProject
Global
	GlobalSection(SolutionConfigurationPlatforms) = preSolution
		Debug|Any CPU = Debug|Any CPU
		Release|Any CPU = Release|Any CPU
	EndGlobalSection
	GlobalSection(ProjectConfigurationPlatforms) = postSolution
		{10DEAF61-1E3F-45FD-B930-1FB67CB40250}.Debug|Any CPU.ActiveCfg = Debug|Any CPU
		{10DEAF61-1E3F-45FD-B930-1FB67CB40250}.Debug|Any CPU.Build.0 = Debug|Any CPU
		{10DEAF61-1E3F-45FD-B930-1FB67CB40250}.Release|Any CPU.ActiveCfg = Release|Any CPU
		{10DEAF61-1E3F-45FD-B930-1FB67CB40250}.Release|Any CPU.Build.0 = Release|Any CPU
		{6B76ACE8-1778-4521-93A2-53899CF58AF6}.Debug|Any CPU.ActiveCfg = Debug|Any CPU
		{6B76ACE8-1778-4521-93A2-53899CF58AF6}.Debug|Any CPU.Build.0 = Debug|Any CPU
		{6B76ACE8-1778-4521-93A2-53899CF58AF6}.Release|Any CPU.ActiveCfg = Release|Any CPU
		{6B76ACE8-1778-4521-93A2-53899CF58AF6}.Release|Any CPU.Build.0 = Release|Any CPU
		{74C45FDB-E279-4126-BD58-215FB0F81B46}.Debug|Any CPU.ActiveCfg = Debug|Any CPU
		{74C45FDB-E279-4126-BD58-215FB0F81B46}.Debug|Any CPU.Build.0 = Debug|Any CPU
		{74C45FDB-E279-4126-BD58-215FB0F81B46}.Release|Any CPU.ActiveCfg = Release|Any CPU
		{74C45FDB-E279-4126-BD58-215FB0F81B46}.Release|Any CPU.Build.0 = Release|Any CPU
	EndGlobalSection
	GlobalSection(SolutionProperties) = preSolution
		HideSolutionNode = FALSE
	EndGlobalSection
EndGlobal
